
Microsoft Visual Studio Solution File, Format Version 11.00
# Visual Web Developer Express 2010
Project("{FAE04EC0-301F-11D3-BF4B-00C04F79EFBC}") = "moon-unit", "moon-unit.csproj", "{7DEE9C1F-5D4B-4944-8654-1698B707B28E}"
EndProject
Project("{E24C65DC-7377-472B-9ABA-BC803B73C61A}") = "site", "site\", "{FC2F8A15-354E-4B3C-AACF-9EBAD4537BAD}"
	ProjectSection(WebsiteProperties) = preProject
		TargetFrameworkMoniker = ".NETFramework,Version%3Dv4.0"
		Debug.AspNetCompiler.VirtualPath = "/site"
		Debug.AspNetCompiler.PhysicalPath = "site\"
		Debug.AspNetCompiler.TargetPath = "PrecompiledWeb\site\"
		Debug.AspNetCompiler.Updateable = "true"
		Debug.AspNetCompiler.ForceOverwrite = "true"
		Debug.AspNetCompiler.FixedNames = "false"
		Debug.AspNetCompiler.Debug = "True"
		Release.AspNetCompiler.VirtualPath = "/site"
		Release.AspNetCompiler.PhysicalPath = "site\"
		Release.AspNetCompiler.TargetPath = "PrecompiledWeb\site\"
		Release.AspNetCompiler.Updateable = "true"
		Release.AspNetCompiler.ForceOverwrite = "true"
		Release.AspNetCompiler.FixedNames = "false"
		Release.AspNetCompiler.Debug = "False"
		VWDPort = "3200"
		VWDVirtualPath = "/"
		ProjOutputReferences = "{7DEE9C1F-5D4B-4944-8654-1698B707B28E}|ClientBin|false;"
	EndProjectSection
EndProject
Project("{FAE04EC0-301F-11D3-BF4B-00C04F79EFBC}") = "UnitTestHarness", "..\Microsoft.Silverlight.Testing\UnitTestHarness\UnitTestHarness.csproj", "{FBACE883-73A3-45C6-BDBF-72C34EF57334}"
EndProject
Project("{FAE04EC0-301F-11D3-BF4B-00C04F79EFBC}") = "Microsoft.VisualStudio.QualityTools.UnitTesting.Silverlight", "..\Microsoft.VisualStudio.QualityTools.UnitTesting.Silverlight\Microsoft.VisualStudio.QualityTools.UnitTesting.Silverlight.csproj", "{01D5C633-B082-4D14-AE78-CFCF7CC5699B}"
EndProject
Global
	GlobalSection(SolutionConfigurationPlatforms) = preSolution
		Debug|.NET = Debug|.NET
		Debug|Any CPU = Debug|Any CPU
		Debug|Mixed Platforms = Debug|Mixed Platforms
		Release|.NET = Release|.NET
		Release|Any CPU = Release|Any CPU
		Release|Mixed Platforms = Release|Mixed Platforms
	EndGlobalSection
	GlobalSection(ProjectConfigurationPlatforms) = postSolution
		{7DEE9C1F-5D4B-4944-8654-1698B707B28E}.Debug|.NET.ActiveCfg = Debug|Any CPU
		{7DEE9C1F-5D4B-4944-8654-1698B707B28E}.Debug|Any CPU.ActiveCfg = Debug|Any CPU
		{7DEE9C1F-5D4B-4944-8654-1698B707B28E}.Debug|Any CPU.Build.0 = Debug|Any CPU
		{7DEE9C1F-5D4B-4944-8654-1698B707B28E}.Debug|Mixed Platforms.ActiveCfg = Debug|Any CPU
		{7DEE9C1F-5D4B-4944-8654-1698B707B28E}.Debug|Mixed Platforms.Build.0 = Debug|Any CPU
		{7DEE9C1F-5D4B-4944-8654-1698B707B28E}.Release|.NET.ActiveCfg = Release|Any CPU
		{7DEE9C1F-5D4B-4944-8654-1698B707B28E}.Release|Any CPU.ActiveCfg = Release|Any CPU
		{7DEE9C1F-5D4B-4944-8654-1698B707B28E}.Release|Any CPU.Build.0 = Release|Any CPU
		{7DEE9C1F-5D4B-4944-8654-1698B707B28E}.Release|Mixed Platforms.ActiveCfg = Release|Any CPU
		{7DEE9C1F-5D4B-4944-8654-1698B707B28E}.Release|Mixed Platforms.Build.0 = Release|Any CPU
		{FC2F8A15-354E-4B3C-AACF-9EBAD4537BAD}.Debug|.NET.ActiveCfg = Debug|.NET
		{FC2F8A15-354E-4B3C-AACF-9EBAD4537BAD}.Debug|.NET.Build.0 = Debug|.NET
		{FC2F8A15-354E-4B3C-AACF-9EBAD4537BAD}.Debug|Any CPU.ActiveCfg = Debug|.NET
		{FC2F8A15-354E-4B3C-AACF-9EBAD4537BAD}.Debug|Mixed Platforms.ActiveCfg = Debug|.NET
		{FC2F8A15-354E-4B3C-AACF-9EBAD4537BAD}.Debug|Mixed Platforms.Build.0 = Debug|.NET
		{FC2F8A15-354E-4B3C-AACF-9EBAD4537BAD}.Release|.NET.ActiveCfg = Debug|.NET
		{FC2F8A15-354E-4B3C-AACF-9EBAD4537BAD}.Release|.NET.Build.0 = Debug|.NET
		{FC2F8A15-354E-4B3C-AACF-9EBAD4537BAD}.Release|Any CPU.ActiveCfg = Debug|.NET
		{FC2F8A15-354E-4B3C-AACF-9EBAD4537BAD}.Release|Mixed Platforms.ActiveCfg = Debug|.NET
		{FC2F8A15-354E-4B3C-AACF-9EBAD4537BAD}.Release|Mixed Platforms.Build.0 = Debug|.NET
		{FBACE883-73A3-45C6-BDBF-72C34EF57334}.Debug|.NET.ActiveCfg = Debug|Any CPU
		{FBACE883-73A3-45C6-BDBF-72C34EF57334}.Debug|Any CPU.ActiveCfg = Debug|Any CPU
		{FBACE883-73A3-45C6-BDBF-72C34EF57334}.Debug|Any CPU.Build.0 = Debug|Any CPU
		{FBACE883-73A3-45C6-BDBF-72C34EF57334}.Debug|Mixed Platforms.ActiveCfg = Debug|Any CPU
		{FBACE883-73A3-45C6-BDBF-72C34EF57334}.Debug|Mixed Platforms.Build.0 = Debug|Any CPU
		{FBACE883-73A3-45C6-BDBF-72C34EF57334}.Release|.NET.ActiveCfg = Release|Any CPU
		{FBACE883-73A3-45C6-BDBF-72C34EF57334}.Release|Any CPU.ActiveCfg = Release|Any CPU
		{FBACE883-73A3-45C6-BDBF-72C34EF57334}.Release|Any CPU.Build.0 = Release|Any CPU
		{FBACE883-73A3-45C6-BDBF-72C34EF57334}.Release|Mixed Platforms.ActiveCfg = Release|Any CPU
		{FBACE883-73A3-45C6-BDBF-72C34EF57334}.Release|Mixed Platforms.Build.0 = Release|Any CPU
		{01D5C633-B082-4D14-AE78-CFCF7CC5699B}.Debug|.NET.ActiveCfg = Debug|Any CPU
		{01D5C633-B082-4D14-AE78-CFCF7CC5699B}.Debug|Any CPU.ActiveCfg = Debug|Any CPU
		{01D5C633-B082-4D14-AE78-CFCF7CC5699B}.Debug|Any CPU.Build.0 = Debug|Any CPU
		{01D5C633-B082-4D14-AE78-CFCF7CC5699B}.Debug|Mixed Platforms.ActiveCfg = Debug|Any CPU
		{01D5C633-B082-4D14-AE78-CFCF7CC5699B}.Debug|Mixed Platforms.Build.0 = Debug|Any CPU
		{01D5C633-B082-4D14-AE78-CFCF7CC5699B}.Release|.NET.ActiveCfg = Release|Any CPU
		{01D5C633-B082-4D14-AE78-CFCF7CC5699B}.Release|Any CPU.ActiveCfg = Release|Any CPU
		{01D5C633-B082-4D14-AE78-CFCF7CC5699B}.Release|Any CPU.Build.0 = Release|Any CPU
		{01D5C633-B082-4D14-AE78-CFCF7CC5699B}.Release|Mixed Platforms.ActiveCfg = Release|Any CPU
		{01D5C633-B082-4D14-AE78-CFCF7CC5699B}.Release|Mixed Platforms.Build.0 = Release|Any CPU
	EndGlobalSection
	GlobalSection(SolutionProperties) = preSolution
		HideSolutionNode = FALSE
	EndGlobalSection
EndGlobal
